{
  "nodes": {
    "fan_controller": {
      "inputs": {
        "nixpkgs": [
          "nixpkgs"
        ]
      },
      "locked": {
        "lastModified": 1677333386,
        "narHash": "sha256-Y8tjZvzfCWmZQvYUdd0+3/RXqU2j5ex0d+hTZYsK2VU=",
        "owner": "Sooyka",
        "repo": "RP4_fan_service",
        "rev": "944e1ee5bde8540ee5fbf1344ae4d40e7be50701",
        "type": "github"
      },
      "original": {
        "owner": "Sooyka",
        "ref": "main",
        "repo": "RP4_fan_service",
        "type": "github"
      }
    },
    "nixpkgs": {
      "locked": {
        "lastModified": 1677179781,
        "narHash": "sha256-+peLp16ruWLuTFHo0ZUbLlS1/meS/+RsWQQ9bUAzOh8=",
        "owner": "NixOS",
        "repo": "nixpkgs",
        "rev": "50c23cd4ff6c8344e0b4d438b027b3afabfe58dd",
        "type": "github"
      },
      "original": {
        "id": "nixpkgs",
        "ref": "nixos-22.11",
        "type": "indirect"
      }
    },
    "root": {
      "inputs": {
        "fan_controller": "fan_controller",
        "nixpkgs": "nixpkgs",
        "rp4_hardware": "rp4_hardware"
      }
    },
    "rp4_hardware": {
      "locked": {
        "lastModified": 1677232326,
        "narHash": "sha256-rAk2/80kLvA3yIMmSV86T1B4kNvwCFMSQ1FxXndaUB0=",
        "owner": "NixOS",
        "repo": "nixos-hardware",
        "rev": "2d44015779cced4eec9df5b8dab238b9f6312cb2",
        "type": "github"
      },
      "original": {
        "owner": "NixOS",
        "ref": "master",
        "repo": "nixos-hardware",
        "type": "github"
      }
    }
  },
  "root": "root",
  "version": 7
}
