{
  "nodes": {
    "fan_controller": {
      "inputs": {
        "nixpkgs": [
          "nixpkgs"
        ]
      },
      "locked": {
        "lastModified": 1677333386,
        "narHash": "sha256-Y8tjZvzfCWmZQvYUdd0+3/RXqU2j5ex0d+hTZYsK2VU=",
        "owner": "Sooyka",
        "repo": "RP4_fan_service",
        "rev": "944e1ee5bde8540ee5fbf1344ae4d40e7be50701",
        "type": "github"
      },
      "original": {
        "owner": "Sooyka",
        "ref": "main",
        "repo": "RP4_fan_service",
        "type": "github"
      }
    },
    "nixpkgs": {
      "locked": {
        "lastModified": 1677543769,
        "narHash": "sha256-LwbqS8vGisXl2WHpK9r5+kodr0zoIT8F2YB0R4y1TsA=",
        "owner": "NixOS",
        "repo": "nixpkgs",
        "rev": "b26d52c9feb6476580016e78935cbf96eb3e2115",
        "type": "github"
      },
      "original": {
        "id": "nixpkgs",
        "ref": "nixos-22.11",
        "type": "indirect"
      }
    },
    "root": {
      "inputs": {
        "fan_controller": "fan_controller",
        "nixpkgs": "nixpkgs",
        "rp4_hardware": "rp4_hardware"
      }
    },
    "rp4_hardware": {
      "locked": {
        "lastModified": 1677591639,
        "narHash": "sha256-DMlAyge+u3K+JOFLA5YfdjqagdAYJf29YGBWpy5izg4=",
        "owner": "NixOS",
        "repo": "nixos-hardware",
        "rev": "77de4cd09db4dbee9551ed2853cfcf113d7dc5ce",
        "type": "github"
      },
      "original": {
        "owner": "NixOS",
        "ref": "master",
        "repo": "nixos-hardware",
        "type": "github"
      }
    }
  },
  "root": "root",
  "version": 7
}
